
Microsoft Visual Studio Solution File, Format Version 12.00
# Visual Studio Version 17
VisualStudioVersion = 17.6.33815.320
MinimumVisualStudioVersion = 10.0.40219.1
Project("{FAE04EC0-301F-11D3-BF4B-00C04F79EFBC}") = "ApiCatalogo", "ApiCatalogo\ApiCatalogo.csproj", "{592301B1-70D1-410F-82C5-B7B690AA350A}"
EndProject
Global
	GlobalSection(SolutionConfigurationPlatforms) = preSolution
		Debug|Any CPU = Debug|Any CPU
		Release|Any CPU = Release|Any CPU
	EndGlobalSection
	GlobalSection(ProjectConfigurationPlatforms) = postSolution
		{592301B1-70D1-410F-82C5-B7B690AA350A}.Debug|Any CPU.ActiveCfg = Debug|Any CPU
		{592301B1-70D1-410F-82C5-B7B690AA350A}.Debug|Any CPU.Build.0 = Debug|Any CPU
		{592301B1-70D1-410F-82C5-B7B690AA350A}.Release|Any CPU.ActiveCfg = Release|Any CPU
		{592301B1-70D1-410F-82C5-B7B690AA350A}.Release|Any CPU.Build.0 = Release|Any CPU
	EndGlobalSection
	GlobalSection(SolutionProperties) = preSolution
		HideSolutionNode = FALSE
	EndGlobalSection
	GlobalSection(ExtensibilityGlobals) = postSolution
		SolutionGuid = {5CA89444-DFA7-48C8-869F-CE82EA6A0CBA}
	EndGlobalSection
EndGlobal
